// !$*UTF8*$!
{
	archiveVersion = 1;
	classes = {
	};
	objectVersion = 46;
	objects = {

/* Begin PBXBuildFile section */
		4C74F2DD182CE73D00DF6A84 /* Foundation.framework in Frameworks */ = {isa = PBXBuildFile; fileRef = 4C74F2DC182CE73D00DF6A84 /* Foundation.framework */; };
		4C74F2DF182CE73D00DF6A84 /* CoreGraphics.framework in Frameworks */ = {isa = PBXBuildFile; fileRef = 4C74F2DE182CE73D00DF6A84 /* CoreGraphics.framework */; };
		4C74F2E1182CE73D00DF6A84 /* UIKit.framework in Frameworks */ = {isa = PBXBuildFile; fileRef = 4C74F2E0182CE73D00DF6A84 /* UIKit.framework */; };
		4C74F2E7182CE73D00DF6A84 /* InfoPlist.strings in Resources */ = {isa = PBXBuildFile; fileRef = 4C74F2E5182CE73D00DF6A84 /* InfoPlist.strings */; };
		4C74F2E9182CE73D00DF6A84 /* main.m in Sources */ = {isa = PBXBuildFile; fileRef = 4C74F2E8182CE73D00DF6A84 /* main.m */; };
		4C74F2ED182CE73D00DF6A84 /* CrazyDragAppDelegate.m in Sources */ = {isa = PBXBuildFile; fileRef = 4C74F2EC182CE73D00DF6A84 /* CrazyDragAppDelegate.m */; };
		4C74F2F0182CE73D00DF6A84 /* Main.storyboard in Resources */ = {isa = PBXBuildFile; fileRef = 4C74F2EE182CE73D00DF6A84 /* Main.storyboard */; };
		4C74F2F3182CE73D00DF6A84 /* CrazyDragViewController.m in Sources */ = {isa = PBXBuildFile; fileRef = 4C74F2F2182CE73D00DF6A84 /* CrazyDragViewController.m */; };
		4C74F2F5182CE73D00DF6A84 /* Images.xcassets in Resources */ = {isa = PBXBuildFile; fileRef = 4C74F2F4182CE73D00DF6A84 /* Images.xcassets */; };
		4C74F2FC182CE73D00DF6A84 /* XCTest.framework in Frameworks */ = {isa = PBXBuildFile; fileRef = 4C74F2FB182CE73D00DF6A84 /* XCTest.framework */; };
		4C74F2FD182CE73D00DF6A84 /* Foundation.framework in Frameworks */ = {isa = PBXBuildFile; fileRef = 4C74F2DC182CE73D00DF6A84 /* Foundation.framework */; };
		4C74F2FE182CE73D00DF6A84 /* UIKit.framework in Frameworks */ = {isa = PBXBuildFile; fileRef = 4C74F2E0182CE73D00DF6A84 /* UIKit.framework */; };
		4C74F306182CE73D00DF6A84 /* InfoPlist.strings in Resources */ = {isa = PBXBuildFile; fileRef = 4C74F304182CE73D00DF6A84 /* InfoPlist.strings */; };
		4C74F308182CE73D00DF6A84 /* CrazyDragTests.m in Sources */ = {isa = PBXBuildFile; fileRef = 4C74F307182CE73D00DF6A84 /* CrazyDragTests.m */; };
		4CBBF53918431CCC0053FD49 /* AboutViewController.m in Sources */ = {isa = PBXBuildFile; fileRef = 4CBBF53718431CCC0053FD49 /* AboutViewController.m */; };
		4CBBF53A18431CCC0053FD49 /* AboutViewController.xib in Resources */ = {isa = PBXBuildFile; fileRef = 4CBBF53818431CCC0053FD49 /* AboutViewController.xib */; };
		4CBBF5451843288B0053FD49 /* Background.png in Resources */ = {isa = PBXBuildFile; fileRef = 4CBBF53C1843288B0053FD49 /* Background.png */; };
		4CBBF5461843288B0053FD49 /* Button-Highlighted.png in Resources */ = {isa = PBXBuildFile; fileRef = 4CBBF53D1843288B0053FD49 /* Button-Highlighted.png */; };
		4CBBF5471843288B0053FD49 /* Button-Normal.png in Resources */ = {isa = PBXBuildFile; fileRef = 4CBBF53E1843288B0053FD49 /* Button-Normal.png */; };
		4CBBF5481843288B0053FD49 /* SliderThumb-Highlighted.png in Resources */ = {isa = PBXBuildFile; fileRef = 4CBBF53F1843288B0053FD49 /* SliderThumb-Highlighted.png */; };
		4CBBF5491843288B0053FD49 /* SliderThumb-Normal.png in Resources */ = {isa = PBXBuildFile; fileRef = 4CBBF5401843288B0053FD49 /* SliderThumb-Normal.png */; };
		4CBBF54A1843288B0053FD49 /* SliderTrackLeft.png in Resources */ = {isa = PBXBuildFile; fileRef = 4CBBF5411843288B0053FD49 /* SliderTrackLeft.png */; };
		4CBBF54B1843288B0053FD49 /* SliderTrackRight.png in Resources */ = {isa = PBXBuildFile; fileRef = 4CBBF5421843288B0053FD49 /* SliderTrackRight.png */; };
		4CBBF54C1843288B0053FD49 /* StartOverButton.png in Resources */ = {isa = PBXBuildFile; fileRef = 4CBBF5431843288B0053FD49 /* StartOverButton.png */; };
		4CBBF54D1843288B0053FD49 /* StartOverIcon.png in Resources */ = {isa = PBXBuildFile; fileRef = 4CBBF5441843288B0053FD49 /* StartOverIcon.png */; };
		4CBBF54F184333E50053FD49 /* CrazyDrag.html in Resources */ = {isa = PBXBuildFile; fileRef = 4CBBF54E184333E50053FD49 /* CrazyDrag.html */; };
		4CBBF551184341C30053FD49 /* no.mp3 in Resources */ = {isa = PBXBuildFile; fileRef = 4CBBF550184341C30053FD49 /* no.mp3 */; };
/* End PBXBuildFile section */

/* Begin PBXContainerItemProxy section */
		4C74F2FF182CE73D00DF6A84 /* PBXContainerItemProxy */ = {
			isa = PBXContainerItemProxy;
			containerPortal = 4C74F2D1182CE73D00DF6A84 /* Project object */;
			proxyType = 1;
			remoteGlobalIDString = 4C74F2D8182CE73D00DF6A84;
			remoteInfo = CrazyDrag;
		};
/* End PBXContainerItemProxy section */

/* Begin PBXFileReference section */
		4C74F2D9182CE73D00DF6A84 /* CrazyDrag.app */ = {isa = PBXFileReference; explicitFileType = wrapper.application; includeInIndex = 0; path = CrazyDrag.app; sourceTree = BUILT_PRODUCTS_DIR; };
		4C74F2DC182CE73D00DF6A84 /* Foundation.framework */ = {isa = PBXFileReference; lastKnownFileType = wrapper.framework; name = Foundation.framework; path = System/Library/Frameworks/Foundation.framework; sourceTree = SDKROOT; };
		4C74F2DE182CE73D00DF6A84 /* CoreGraphics.framework */ = {isa = PBXFileReference; lastKnownFileType = wrapper.framework; name = CoreGraphics.framework; path = System/Library/Frameworks/CoreGraphics.framework; sourceTree = SDKROOT; };
		4C74F2E0182CE73D00DF6A84 /* UIKit.framework */ = {isa = PBXFileReference; lastKnownFileType = wrapper.framework; name = UIKit.framework; path = System/Library/Frameworks/UIKit.framework; sourceTree = SDKROOT; };
		4C74F2E4182CE73D00DF6A84 /* CrazyDrag-Info.plist */ = {isa = PBXFileReference; lastKnownFileType = text.plist.xml; path = "CrazyDrag-Info.plist"; sourceTree = "<group>"; };
		4C74F2E6182CE73D00DF6A84 /* en */ = {isa = PBXFileReference; lastKnownFileType = text.plist.strings; name = en; path = en.lproj/InfoPlist.strings; sourceTree = "<group>"; };
		4C74F2E8182CE73D00DF6A84 /* main.m */ = {isa = PBXFileReference; lastKnownFileType = sourcecode.c.objc; path = main.m; sourceTree = "<group>"; };
		4C74F2EA182CE73D00DF6A84 /* CrazyDrag-Prefix.pch */ = {isa = PBXFileReference; lastKnownFileType = sourcecode.c.h; path = "CrazyDrag-Prefix.pch"; sourceTree = "<group>"; };
		4C74F2EB182CE73D00DF6A84 /* CrazyDragAppDelegate.h */ = {isa = PBXFileReference; lastKnownFileType = sourcecode.c.h; path = CrazyDragAppDelegate.h; sourceTree = "<group>"; };
		4C74F2EC182CE73D00DF6A84 /* CrazyDragAppDelegate.m */ = {isa = PBXFileReference; lastKnownFileType = sourcecode.c.objc; path = CrazyDragAppDelegate.m; sourceTree = "<group>"; };
		4C74F2EF182CE73D00DF6A84 /* Base */ = {isa = PBXFileReference; lastKnownFileType = file.storyboard; name = Base; path = Base.lproj/Main.storyboard; sourceTree = "<group>"; };
		4C74F2F1182CE73D00DF6A84 /* CrazyDragViewController.h */ = {isa = PBXFileReference; lastKnownFileType = sourcecode.c.h; path = CrazyDragViewController.h; sourceTree = "<group>"; };
		4C74F2F2182CE73D00DF6A84 /* CrazyDragViewController.m */ = {isa = PBXFileReference; lastKnownFileType = sourcecode.c.objc; path = CrazyDragViewController.m; sourceTree = "<group>"; };
		4C74F2F4182CE73D00DF6A84 /* Images.xcassets */ = {isa = PBXFileReference; lastKnownFileType = folder.assetcatalog; path = Images.xcassets; sourceTree = "<group>"; };
		4C74F2FA182CE73D00DF6A84 /* CrazyDragTests.xctest */ = {isa = PBXFileReference; explicitFileType = wrapper.cfbundle; includeInIndex = 0; path = CrazyDragTests.xctest; sourceTree = BUILT_PRODUCTS_DIR; };
		4C74F2FB182CE73D00DF6A84 /* XCTest.framework */ = {isa = PBXFileReference; lastKnownFileType = wrapper.framework; name = XCTest.framework; path = Library/Frameworks/XCTest.framework; sourceTree = DEVELOPER_DIR; };
		4C74F303182CE73D00DF6A84 /* CrazyDragTests-Info.plist */ = {isa = PBXFileReference; lastKnownFileType = text.plist.xml; path = "CrazyDragTests-Info.plist"; sourceTree = "<group>"; };
		4C74F305182CE73D00DF6A84 /* en */ = {isa = PBXFileReference; lastKnownFileType = text.plist.strings; name = en; path = en.lproj/InfoPlist.strings; sourceTree = "<group>"; };
		4C74F307182CE73D00DF6A84 /* CrazyDragTests.m */ = {isa = PBXFileReference; lastKnownFileType = sourcecode.c.objc; path = CrazyDragTests.m; sourceTree = "<group>"; };
		4CBBF53618431CCC0053FD49 /* AboutViewController.h */ = {isa = PBXFileReference; fileEncoding = 4; lastKnownFileType = sourcecode.c.h; path = AboutViewController.h; sourceTree = "<group>"; };
		4CBBF53718431CCC0053FD49 /* AboutViewController.m */ = {isa = PBXFileReference; fileEncoding = 4; lastKnownFileType = sourcecode.c.objc; path = AboutViewController.m; sourceTree = "<group>"; };
		4CBBF53818431CCC0053FD49 /* AboutViewController.xib */ = {isa = PBXFileReference; fileEncoding = 4; lastKnownFileType = file.xib; path = AboutViewController.xib; sourceTree = "<group>"; };
		4CBBF53C1843288B0053FD49 /* Background.png */ = {isa = PBXFileReference; lastKnownFileType = image.png; path = Background.png; sourceTree = "<group>"; };
		4CBBF53D1843288B0053FD49 /* Button-Highlighted.png */ = {isa = PBXFileReference; lastKnownFileType = image.png; path = "Button-Highlighted.png"; sourceTree = "<group>"; };
		4CBBF53E1843288B0053FD49 /* Button-Normal.png */ = {isa = PBXFileReference; lastKnownFileType = image.png; path = "Button-Normal.png"; sourceTree = "<group>"; };
		4CBBF53F1843288B0053FD49 /* SliderThumb-Highlighted.png */ = {isa = PBXFileReference; lastKnownFileType = image.png; path = "SliderThumb-Highlighted.png"; sourceTree = "<group>"; };
		4CBBF5401843288B0053FD49 /* SliderThumb-Normal.png */ = {isa = PBXFileReference; lastKnownFileType = image.png; path = "SliderThumb-Normal.png"; sourceTree = "<group>"; };
		4CBBF5411843288B0053FD49 /* SliderTrackLeft.png */ = {isa = PBXFileReference; lastKnownFileType = image.png; path = SliderTrackLeft.png; sourceTree = "<group>"; };
		4CBBF5421843288B0053FD49 /* SliderTrackRight.png */ = {isa = PBXFileReference; lastKnownFileType = image.png; path = SliderTrackRight.png; sourceTree = "<group>"; };
		4CBBF5431843288B0053FD49 /* StartOverButton.png */ = {isa = PBXFileReference; lastKnownFileType = image.png; path = StartOverButton.png; sourceTree = "<group>"; };
		4CBBF5441843288B0053FD49 /* StartOverIcon.png */ = {isa = PBXFileReference; lastKnownFileType = image.png; path = StartOverIcon.png; sourceTree = "<group>"; };
		4CBBF54E184333E50053FD49 /* CrazyDrag.html */ = {isa = PBXFileReference; fileEncoding = 4; lastKnownFileType = text.html; path = CrazyDrag.html; sourceTree = "<group>"; };
		4CBBF550184341C30053FD49 /* no.mp3 */ = {isa = PBXFileReference; lastKnownFileType = audio.mp3; path = no.mp3; sourceTree = "<group>"; };
/* End PBXFileReference section */

/* Begin PBXFrameworksBuildPhase section */
		4C74F2D6182CE73D00DF6A84 /* Frameworks */ = {
			isa = PBXFrameworksBuildPhase;
			buildActionMask = 2147483647;
			files = (
				4C74F2DF182CE73D00DF6A84 /* CoreGraphics.framework in Frameworks */,
				4C74F2E1182CE73D00DF6A84 /* UIKit.framework in Frameworks */,
				4C74F2DD182CE73D00DF6A84 /* Foundation.framework in Frameworks */,
			);
			runOnlyForDeploymentPostprocessing = 0;
		};
		4C74F2F7182CE73D00DF6A84 /* Frameworks */ = {
			isa = PBXFrameworksBuildPhase;
			buildActionMask = 2147483647;
			files = (
				4C74F2FC182CE73D00DF6A84 /* XCTest.framework in Frameworks */,
				4C74F2FE182CE73D00DF6A84 /* UIKit.framework in Frameworks */,
				4C74F2FD182CE73D00DF6A84 /* Foundation.framework in Frameworks */,
			);
			runOnlyForDeploymentPostprocessing = 0;
		};
/* End PBXFrameworksBuildPhase section */

/* Begin PBXGroup section */
		4C74F2D0182CE73D00DF6A84 = {
			isa = PBXGroup;
			children = (
				4CBBF53B1843288B0053FD49 /* Images */,
				4C74F2E2182CE73D00DF6A84 /* CrazyDrag */,
				4C74F301182CE73D00DF6A84 /* CrazyDragTests */,
				4C74F2DB182CE73D00DF6A84 /* Frameworks */,
				4C74F2DA182CE73D00DF6A84 /* Products */,
			);
			sourceTree = "<group>";
		};
		4C74F2DA182CE73D00DF6A84 /* Products */ = {
			isa = PBXGroup;
			children = (
				4C74F2D9182CE73D00DF6A84 /* CrazyDrag.app */,
				4C74F2FA182CE73D00DF6A84 /* CrazyDragTests.xctest */,
			);
			name = Products;
			sourceTree = "<group>";
		};
		4C74F2DB182CE73D00DF6A84 /* Frameworks */ = {
			isa = PBXGroup;
			children = (
				4C74F2DC182CE73D00DF6A84 /* Foundation.framework */,
				4C74F2DE182CE73D00DF6A84 /* CoreGraphics.framework */,
				4C74F2E0182CE73D00DF6A84 /* UIKit.framework */,
				4C74F2FB182CE73D00DF6A84 /* XCTest.framework */,
			);
			name = Frameworks;
			sourceTree = "<group>";
		};
		4C74F2E2182CE73D00DF6A84 /* CrazyDrag */ = {
			isa = PBXGroup;
			children = (
				4CBBF550184341C30053FD49 /* no.mp3 */,
				4CBBF54E184333E50053FD49 /* CrazyDrag.html */,
				4C74F2EB182CE73D00DF6A84 /* CrazyDragAppDelegate.h */,
				4C74F2EC182CE73D00DF6A84 /* CrazyDragAppDelegate.m */,
				4C74F2EE182CE73D00DF6A84 /* Main.storyboard */,
				4C74F2F1182CE73D00DF6A84 /* CrazyDragViewController.h */,
				4C74F2F2182CE73D00DF6A84 /* CrazyDragViewController.m */,
				4CBBF53618431CCC0053FD49 /* AboutViewController.h */,
				4CBBF53718431CCC0053FD49 /* AboutViewController.m */,
				4CBBF53818431CCC0053FD49 /* AboutViewController.xib */,
				4C74F2F4182CE73D00DF6A84 /* Images.xcassets */,
				4C74F2E3182CE73D00DF6A84 /* Supporting Files */,
			);
			path = CrazyDrag;
			sourceTree = "<group>";
		};
		4C74F2E3182CE73D00DF6A84 /* Supporting Files */ = {
			isa = PBXGroup;
			children = (
				4C74F2E4182CE73D00DF6A84 /* CrazyDrag-Info.plist */,
				4C74F2E5182CE73D00DF6A84 /* InfoPlist.strings */,
				4C74F2E8182CE73D00DF6A84 /* main.m */,
				4C74F2EA182CE73D00DF6A84 /* CrazyDrag-Prefix.pch */,
			);
			name = "Supporting Files";
			sourceTree = "<group>";
		};
		4C74F301182CE73D00DF6A84 /* CrazyDragTests */ = {
			isa = PBXGroup;
			children = (
				4C74F307182CE73D00DF6A84 /* CrazyDragTests.m */,
				4C74F302182CE73D00DF6A84 /* Supporting Files */,
			);
			path = CrazyDragTests;
			sourceTree = "<group>";
		};
		4C74F302182CE73D00DF6A84 /* Supporting Files */ = {
			isa = PBXGroup;
			children = (
				4C74F303182CE73D00DF6A84 /* CrazyDragTests-Info.plist */,
				4C74F304182CE73D00DF6A84 /* InfoPlist.strings */,
			);
			name = "Supporting Files";
			sourceTree = "<group>";
		};
		4CBBF53B1843288B0053FD49 /* Images */ = {
			isa = PBXGroup;
			children = (
				4CBBF53C1843288B0053FD49 /* Background.png */,
				4CBBF53D1843288B0053FD49 /* Button-Highlighted.png */,
				4CBBF53E1843288B0053FD49 /* Button-Normal.png */,
				4CBBF53F1843288B0053FD49 /* SliderThumb-Highlighted.png */,
				4CBBF5401843288B0053FD49 /* SliderThumb-Normal.png */,
				4CBBF5411843288B0053FD49 /* SliderTrackLeft.png */,
				4CBBF5421843288B0053FD49 /* SliderTrackRight.png */,
				4CBBF5431843288B0053FD49 /* StartOverButton.png */,
				4CBBF5441843288B0053FD49 /* StartOverIcon.png */,
			);
			path = Images;
			sourceTree = "<group>";
		};
/* End PBXGroup section */

/* Begin PBXNativeTarget section */
		4C74F2D8182CE73D00DF6A84 /* CrazyDrag */ = {
			isa = PBXNativeTarget;
			buildConfigurationList = 4C74F30B182CE73D00DF6A84 /* Build configuration list for PBXNativeTarget "CrazyDrag" */;
			buildPhases = (
				4C74F2D5182CE73D00DF6A84 /* Sources */,
				4C74F2D6182CE73D00DF6A84 /* Frameworks */,
				4C74F2D7182CE73D00DF6A84 /* Resources */,
			);
			buildRules = (
			);
			dependencies = (
			);
			name = CrazyDrag;
			productName = CrazyDrag;
			productReference = 4C74F2D9182CE73D00DF6A84 /* CrazyDrag.app */;
			productType = "com.apple.product-type.application";
		};
		4C74F2F9182CE73D00DF6A84 /* CrazyDragTests */ = {
			isa = PBXNativeTarget;
			buildConfigurationList = 4C74F30E182CE73D00DF6A84 /* Build configuration list for PBXNativeTarget "CrazyDragTests" */;
			buildPhases = (
				4C74F2F6182CE73D00DF6A84 /* Sources */,
				4C74F2F7182CE73D00DF6A84 /* Frameworks */,
				4C74F2F8182CE73D00DF6A84 /* Resources */,
			);
			buildRules = (
			);
			dependencies = (
				4C74F300182CE73D00DF6A84 /* PBXTargetDependency */,
			);
			name = CrazyDragTests;
			productName = CrazyDragTests;
			productReference = 4C74F2FA182CE73D00DF6A84 /* CrazyDragTests.xctest */;
			productType = "com.apple.product-type.bundle.unit-test";
		};
/* End PBXNativeTarget section */

/* Begin PBXProject section */
		4C74F2D1182CE73D00DF6A84 /* Project object */ = {
			isa = PBXProject;
			attributes = {
				CLASSPREFIX = CrazyDrag;
				LastUpgradeCheck = 0500;
				ORGANIZATIONNAME = clamsea;
				TargetAttributes = {
					4C74F2F9182CE73D00DF6A84 = {
						TestTargetID = 4C74F2D8182CE73D00DF6A84;
					};
				};
			};
			buildConfigurationList = 4C74F2D4182CE73D00DF6A84 /* Build configuration list for PBXProject "CrazyDrag" */;
			compatibilityVersion = "Xcode 3.2";
			developmentRegion = English;
			hasScannedForEncodings = 0;
			knownRegions = (
				en,
				Base,
			);
			mainGroup = 4C74F2D0182CE73D00DF6A84;
			productRefGroup = 4C74F2DA182CE73D00DF6A84 /* Products */;
			projectDirPath = "";
			projectRoot = "";
			targets = (
				4C74F2D8182CE73D00DF6A84 /* CrazyDrag */,
				4C74F2F9182CE73D00DF6A84 /* CrazyDragTests */,
			);
		};
/* End PBXProject section */

/* Begin PBXResourcesBuildPhase section */
		4C74F2D7182CE73D00DF6A84 /* Resources */ = {
			isa = PBXResourcesBuildPhase;
			buildActionMask = 2147483647;
			files = (
				4CBBF551184341C30053FD49 /* no.mp3 in Resources */,
				4C74F2F5182CE73D00DF6A84 /* Images.xcassets in Resources */,
				4C74F2E7182CE73D00DF6A84 /* InfoPlist.strings in Resources */,
				4CBBF5471843288B0053FD49 /* Button-Normal.png in Resources */,
				4CBBF54A1843288B0053FD49 /* SliderTrackLeft.png in Resources */,
				4CBBF54F184333E50053FD49 /* CrazyDrag.html in Resources */,
				4CBBF5451843288B0053FD49 /* Background.png in Resources */,
				4CBBF5461843288B0053FD49 /* Button-Highlighted.png in Resources */,
				4CBBF53A18431CCC0053FD49 /* AboutViewController.xib in Resources */,
				4CBBF54B1843288B0053FD49 /* SliderTrackRight.png in Resources */,
				4CBBF54C1843288B0053FD49 /* StartOverButton.png in Resources */,
				4CBBF54D1843288B0053FD49 /* StartOverIcon.png in Resources */,
				4C74F2F0182CE73D00DF6A84 /* Main.storyboard in Resources */,
				4CBBF5491843288B0053FD49 /* SliderThumb-Normal.png in Resources */,
				4CBBF5481843288B0053FD49 /* SliderThumb-Highlighted.png in Resources */,
			);
			runOnlyForDeploymentPostprocessing = 0;
		};
		4C74F2F8182CE73D00DF6A84 /* Resources */ = {
			isa = PBXResourcesBuildPhase;
			buildActionMask = 2147483647;
			files = (
				4C74F306182CE73D00DF6A84 /* InfoPlist.strings in Resources */,
			);
			runOnlyForDeploymentPostprocessing = 0;
		};
/* End PBXResourcesBuildPhase section */

/* Begin PBXSourcesBuildPhase section */
		4C74F2D5182CE73D00DF6A84 /* Sources */ = {
			isa = PBXSourcesBuildPhase;
			buildActionMask = 2147483647;
			files = (
				4C74F2ED182CE73D00DF6A84 /* CrazyDragAppDelegate.m in Sources */,
				4C74F2E9182CE73D00DF6A84 /* main.m in Sources */,
				4CBBF53918431CCC0053FD49 /* AboutViewController.m in Sources */,
				4C74F2F3182CE73D00DF6A84 /* CrazyDragViewController.m in Sources */,
			);
			runOnlyForDeploymentPostprocessing = 0;
		};
		4C74F2F6182CE73D00DF6A84 /* Sources */ = {
			isa = PBXSourcesBuildPhase;
			buildActionMask = 2147483647;
			files = (
				4C74F308182CE73D00DF6A84 /* CrazyDragTests.m in Sources */,
			);
			runOnlyForDeploymentPostprocessing = 0;
		};
/* End PBXSourcesBuildPhase section */

/* Begin PBXTargetDependency section */
		4C74F300182CE73D00DF6A84 /* PBXTargetDependency */ = {
			isa = PBXTargetDependency;
			target = 4C74F2D8182CE73D00DF6A84 /* CrazyDrag */;
			targetProxy = 4C74F2FF182CE73D00DF6A84 /* PBXContainerItemProxy */;
		};
/* End PBXTargetDependency section */

/* Begin PBXVariantGroup section */
		4C74F2E5182CE73D00DF6A84 /* InfoPlist.strings */ = {
			isa = PBXVariantGroup;
			children = (
				4C74F2E6182CE73D00DF6A84 /* en */,
			);
			name = InfoPlist.strings;
			sourceTree = "<group>";
		};
		4C74F2EE182CE73D00DF6A84 /* Main.storyboard */ = {
			isa = PBXVariantGroup;
			children = (
				4C74F2EF182CE73D00DF6A84 /* Base */,
			);
			name = Main.storyboard;
			sourceTree = "<group>";
		};
		4C74F304182CE73D00DF6A84 /* InfoPlist.strings */ = {
			isa = PBXVariantGroup;
			children = (
				4C74F305182CE73D00DF6A84 /* en */,
			);
			name = InfoPlist.strings;
			sourceTree = "<group>";
		};
/* End PBXVariantGroup section */

/* Begin XCBuildConfiguration section */
		4C74F309182CE73D00DF6A84 /* Debug */ = {
			isa = XCBuildConfiguration;
			buildSettings = {
				ALWAYS_SEARCH_USER_PATHS = NO;
				ARCHS = "$(ARCHS_STANDARD_INCLUDING_64_BIT)";
				CLANG_CXX_LANGUAGE_STANDARD = "gnu++0x";
				CLANG_CXX_LIBRARY = "libc++";
				CLANG_ENABLE_MODULES = YES;
				CLANG_ENABLE_OBJC_ARC = YES;
				CLANG_WARN_BOOL_CONVERSION = YES;
				CLANG_WARN_CONSTANT_CONVERSION = YES;
				CLANG_WARN_DIRECT_OBJC_ISA_USAGE = YES_ERROR;
				CLANG_WARN_EMPTY_BODY = YES;
				CLANG_WARN_ENUM_CONVERSION = YES;
				CLANG_WARN_INT_CONVERSION = YES;
				CLANG_WARN_OBJC_ROOT_CLASS = YES_ERROR;
				CLANG_WARN__DUPLICATE_METHOD_MATCH = YES;
				CODE_SIGN_IDENTITY = "iPhone Distribution: GroupM (Shanghai) Advertising Co., Ltd.";
				"CODE_SIGN_IDENTITY[sdk=iphoneos*]" = "iPhone Distribution: GroupM (Shanghai) Advertising Co., Ltd.";
				COPY_PHASE_STRIP = NO;
				GCC_C_LANGUAGE_STANDARD = gnu99;
				GCC_DYNAMIC_NO_PIC = NO;
				GCC_OPTIMIZATION_LEVEL = 0;
				GCC_PREPROCESSOR_DEFINITIONS = (
					"DEBUG=1",
					"$(inherited)",
				);
				GCC_SYMBOLS_PRIVATE_EXTERN = NO;
				GCC_WARN_64_TO_32_BIT_CONVERSION = YES;
				GCC_WARN_ABOUT_RETURN_TYPE = YES_ERROR;
				GCC_WARN_UNDECLARED_SELECTOR = YES;
				GCC_WARN_UNINITIALIZED_AUTOS = YES;
				GCC_WARN_UNUSED_FUNCTION = YES;
				GCC_WARN_UNUSED_VARIABLE = YES;
				IPHONEOS_DEPLOYMENT_TARGET = 6.0;
				ONLY_ACTIVE_ARCH = YES;
				PROVISIONING_PROFILE = "1D0C2680-BDBF-4F69-B327-A231EB33CA9B";
				SDKROOT = iphoneos7.0;
			};
			name = Debug;
		};
		4C74F30A182CE73D00DF6A84 /* Release */ = {
			isa = XCBuildConfiguration;
			buildSettings = {
				ALWAYS_SEARCH_USER_PATHS = NO;
				ARCHS = "$(ARCHS_STANDARD_INCLUDING_64_BIT)";
				CLANG_CXX_LANGUAGE_STANDARD = "gnu++0x";
				CLANG_CXX_LIBRARY = "libc++";
				CLANG_ENABLE_MODULES = YES;
				CLANG_ENABLE_OBJC_ARC = YES;
				CLANG_WARN_BOOL_CONVERSION = YES;
				CLANG_WARN_CONSTANT_CONVERSION = YES;
				CLANG_WARN_DIRECT_OBJC_ISA_USAGE = YES_ERROR;
				CLANG_WARN_EMPTY_BODY = YES;
				CLANG_WARN_ENUM_CONVERSION = YES;
				CLANG_WARN_INT_CONVERSION = YES;
				CLANG_WARN_OBJC_ROOT_CLASS = YES_ERROR;
				CLANG_WARN__DUPLICATE_METHOD_MATCH = YES;
				CODE_SIGN_IDENTITY = "iPhone Distribution: GroupM (Shanghai) Advertising Co., Ltd.";
				"CODE_SIGN_IDENTITY[sdk=iphoneos*]" = "iPhone Distribution: GroupM (Shanghai) Advertising Co., Ltd.";
				COPY_PHASE_STRIP = YES;
				ENABLE_NS_ASSERTIONS = NO;
				GCC_C_LANGUAGE_STANDARD = gnu99;
				GCC_WARN_64_TO_32_BIT_CONVERSION = YES;
				GCC_WARN_ABOUT_RETURN_TYPE = YES_ERROR;
				GCC_WARN_UNDECLARED_SELECTOR = YES;
				GCC_WARN_UNINITIALIZED_AUTOS = YES;
				GCC_WARN_UNUSED_FUNCTION = YES;
				GCC_WARN_UNUSED_VARIABLE = YES;
				IPHONEOS_DEPLOYMENT_TARGET = 6.0;
				ONLY_ACTIVE_ARCH = YES;
				PROVISIONING_PROFILE = "1D0C2680-BDBF-4F69-B327-A231EB33CA9B";
				SDKROOT = iphoneos7.0;
				VALIDATE_PRODUCT = YES;
			};
			name = Release;
		};
		4C74F30C182CE73D00DF6A84 /* Debug */ = {
			isa = XCBuildConfiguration;
			buildSettings = {
				ASSETCATALOG_COMPILER_APPICON_NAME = AppIcon;
				ASSETCATALOG_COMPILER_LAUNCHIMAGE_NAME = LaunchImage;
				CODE_SIGN_IDENTITY = "iPhone Distribution: GroupM (Shanghai) Advertising Co., Ltd.";
				GCC_PRECOMPILE_PREFIX_HEADER = YES;
				GCC_PREFIX_HEADER = "CrazyDrag/CrazyDrag-Prefix.pch";
				INFOPLIST_FILE = "CrazyDrag/CrazyDrag-Info.plist";
				IPHONEOS_DEPLOYMENT_TARGET = 6.1;
				PRODUCT_NAME = "$(TARGET_NAME)";
				TARGETED_DEVICE_FAMILY = 1;
				WRAPPER_EXTENSION = app;
			};
			name = Debug;
		};
		4C74F30D182CE73D00DF6A84 /* Release */ = {
			isa = XCBuildConfiguration;
			buildSettings = {
				ASSETCATALOG_COMPILER_APPICON_NAME = AppIcon;
				ASSETCATALOG_COMPILER_LAUNCHIMAGE_NAME = LaunchImage;
				CODE_SIGN_IDENTITY = "iPhone Distribution: GroupM (Shanghai) Advertising Co., Ltd.";
				"CODE_SIGN_IDENTITY[sdk=iphoneos*]" = "iPhone Distribution: GroupM (Shanghai) Advertising Co., Ltd.";
				GCC_PRECOMPILE_PREFIX_HEADER = YES;
				GCC_PREFIX_HEADER = "CrazyDrag/CrazyDrag-Prefix.pch";
				INFOPLIST_FILE = "CrazyDrag/CrazyDrag-Info.plist";
				IPHONEOS_DEPLOYMENT_TARGET = 6.1;
				PRODUCT_NAME = "$(TARGET_NAME)";
				TARGETED_DEVICE_FAMILY = 1;
				WRAPPER_EXTENSION = app;
			};
			name = Release;
		};
		4C74F30F182CE73D00DF6A84 /* Debug */ = {
			isa = XCBuildConfiguration;
			buildSettings = {
				ARCHS = "$(ARCHS_STANDARD_INCLUDING_64_BIT)";
				BUNDLE_LOADER = "$(BUILT_PRODUCTS_DIR)/CrazyDrag.app/CrazyDrag";
				CODE_SIGN_IDENTITY = "iPhone Distribution: GroupM (Shanghai) Advertising Co., Ltd.";
				FRAMEWORK_SEARCH_PATHS = (
					"$(SDKROOT)/Developer/Library/Frameworks",
					"$(inherited)",
					"$(DEVELOPER_FRAMEWORKS_DIR)",
				);
				GCC_PRECOMPILE_PREFIX_HEADER = YES;
				GCC_PREFIX_HEADER = "CrazyDrag/CrazyDrag-Prefix.pch";
				GCC_PREPROCESSOR_DEFINITIONS = (
					"DEBUG=1",
					"$(inherited)",
				);
				INFOPLIST_FILE = "CrazyDragTests/CrazyDragTests-Info.plist";
				PRODUCT_NAME = "$(TARGET_NAME)";
				TEST_HOST = "$(BUNDLE_LOADER)";
				WRAPPER_EXTENSION = xctest;
			};
			name = Debug;
		};
		4C74F310182CE73D00DF6A84 /* Release */ = {
			isa = XCBuildConfiguration;
			buildSettings = {
				ARCHS = "$(ARCHS_STANDARD_INCLUDING_64_BIT)";
				BUNDLE_LOADER = "$(BUILT_PRODUCTS_DIR)/CrazyDrag.app/CrazyDrag";
				CODE_SIGN_IDENTITY = "iPhone Distribution: GroupM (Shanghai) Advertising Co., Ltd.";
				FRAMEWORK_SEARCH_PATHS = (
					"$(SDKROOT)/Developer/Library/Frameworks",
					"$(inherited)",
					"$(DEVELOPER_FRAMEWORKS_DIR)",
				);
				GCC_PRECOMPILE_PREFIX_HEADER = YES;
				GCC_PREFIX_HEADER = "CrazyDrag/CrazyDrag-Prefix.pch";
				INFOPLIST_FILE = "CrazyDragTests/CrazyDragTests-Info.plist";
				PRODUCT_NAME = "$(TARGET_NAME)";
				TEST_HOST = "$(BUNDLE_LOADER)";
				WRAPPER_EXTENSION = xctest;
			};
			name = Release;
		};
/* End XCBuildConfiguration section */

/* Begin XCConfigurationList section */
		4C74F2D4182CE73D00DF6A84 /* Build configuration list for PBXProject "CrazyDrag" */ = {
			isa = XCConfigurationList;
			buildConfigurations = (
				4C74F309182CE73D00DF6A84 /* Debug */,
				4C74F30A182CE73D00DF6A84 /* Release */,
			);
			defaultConfigurationIsVisible = 0;
			defaultConfigurationName = Release;
		};
		4C74F30B182CE73D00DF6A84 /* Build configuration list for PBXNativeTarget "CrazyDrag" */ = {
			isa = XCConfigurationList;
			buildConfigurations = (
				4C74F30C182CE73D00DF6A84 /* Debug */,
				4C74F30D182CE73D00DF6A84 /* Release */,
			);
			defaultConfigurationIsVisible = 0;
			defaultConfigurationName = Release;
		};
		4C74F30E182CE73D00DF6A84 /* Build configuration list for PBXNativeTarget "CrazyDragTests" */ = {
			isa = XCConfigurationList;
			buildConfigurations = (
				4C74F30F182CE73D00DF6A84 /* Debug */,
				4C74F310182CE73D00DF6A84 /* Release */,
			);
			defaultConfigurationIsVisible = 0;
			defaultConfigurationName = Release;
		};
/* End XCConfigurationList section */
	};
	rootObject = 4C74F2D1182CE73D00DF6A84 /* Project object */;
}
